
Microsoft Visual Studio Solution File, Format Version 12.00
# Visual Studio Version 16
VisualStudioVersion = 16.0.30114.105
MinimumVisualStudioVersion = 10.0.40219.1
Project("{9A19103F-16F7-4668-BE54-9A1E7A4F7556}") = "CoWin.Core", "CoWin.Core\CoWin.Core.csproj", "{28D0ED4C-F9C5-4D8F-A338-C4E5DEC0D31E}"
EndProject
Project("{9A19103F-16F7-4668-BE54-9A1E7A4F7556}") = "CoWin.UI", "CoWin.UI\CoWin.UI.csproj", "{E4125CF7-56C5-4AB0-9187-86F3FEE2F34F}"
EndProject
Project("{FAE04EC0-301F-11D3-BF4B-00C04F79EFBC}") = "CoWin.Tests", "CoWin.Tests\CoWin.Tests.csproj", "{2D177285-E45D-44F3-AAE9-440002CF3F17}"
EndProject
Global
	GlobalSection(SolutionConfigurationPlatforms) = preSolution
		Debug|Any CPU = Debug|Any CPU
		Release|Any CPU = Release|Any CPU
	EndGlobalSection
	GlobalSection(ProjectConfigurationPlatforms) = postSolution
		{28D0ED4C-F9C5-4D8F-A338-C4E5DEC0D31E}.Debug|Any CPU.ActiveCfg = Debug|Any CPU
		{28D0ED4C-F9C5-4D8F-A338-C4E5DEC0D31E}.Debug|Any CPU.Build.0 = Debug|Any CPU
		{28D0ED4C-F9C5-4D8F-A338-C4E5DEC0D31E}.Release|Any CPU.ActiveCfg = Release|Any CPU
		{28D0ED4C-F9C5-4D8F-A338-C4E5DEC0D31E}.Release|Any CPU.Build.0 = Release|Any CPU
		{E4125CF7-56C5-4AB0-9187-86F3FEE2F34F}.Debug|Any CPU.ActiveCfg = Debug|Any CPU
		{E4125CF7-56C5-4AB0-9187-86F3FEE2F34F}.Debug|Any CPU.Build.0 = Debug|Any CPU
		{E4125CF7-56C5-4AB0-9187-86F3FEE2F34F}.Release|Any CPU.ActiveCfg = Release|Any CPU
		{E4125CF7-56C5-4AB0-9187-86F3FEE2F34F}.Release|Any CPU.Build.0 = Release|Any CPU
		{2D177285-E45D-44F3-AAE9-440002CF3F17}.Debug|Any CPU.ActiveCfg = Debug|Any CPU
		{2D177285-E45D-44F3-AAE9-440002CF3F17}.Debug|Any CPU.Build.0 = Debug|Any CPU
		{2D177285-E45D-44F3-AAE9-440002CF3F17}.Release|Any CPU.ActiveCfg = Release|Any CPU
		{2D177285-E45D-44F3-AAE9-440002CF3F17}.Release|Any CPU.Build.0 = Release|Any CPU
	EndGlobalSection
	GlobalSection(SolutionProperties) = preSolution
		HideSolutionNode = FALSE
	EndGlobalSection
	GlobalSection(ExtensibilityGlobals) = postSolution
		SolutionGuid = {E1F92A99-A2FA-4BA1-ABB2-C30B933914FC}
	EndGlobalSection
EndGlobal
